
Microsoft Visual Studio Solution File, Format Version 12.00
# Visual Studio 14
VisualStudioVersion = 14.0.25123.0
MinimumVisualStudioVersion = 10.0.40219.1
Project("{FAE04EC0-301F-11D3-BF4B-00C04F79EFBC}") = "Teller.Core", "Teller.Core\Teller.Core.csproj", "{CBB3CD1F-30BA-41B8-81E0-CCC74B1FE424}"
EndProject
Project("{FAE04EC0-301F-11D3-BF4B-00C04F79EFBC}") = "Teller.Tests", "Teller.Tests\Teller.Tests.csproj", "{F8212176-561F-46DF-A4AD-455D5B3504E2}"
EndProject
Project("{2150E333-8FDC-42A3-9474-1A3956D46DE8}") = "Libraries", "Libraries", "{6894BD97-9861-42B0-9647-3175E9AA0075}"
EndProject
Project("{2150E333-8FDC-42A3-9474-1A3956D46DE8}") = "Unit tests", "Unit tests", "{4899E008-5953-4094-9C55-F3B838F8EF8C}"
EndProject
Project("{2150E333-8FDC-42A3-9474-1A3956D46DE8}") = "Console apps", "Console apps", "{D6468D86-C044-4744-BF71-0CAF5625F1EF}"
EndProject
Project("{FAE04EC0-301F-11D3-BF4B-00C04F79EFBC}") = "Teller", "Teller\Teller.csproj", "{47E6E5D5-587E-4E94-BA9F-EA33944099AC}"
EndProject
Project("{FAE04EC0-301F-11D3-BF4B-00C04F79EFBC}") = "Teller.Persistance", "Teller.Persistance\Teller.Persistance.csproj", "{A5B174D5-3BAB-4E5B-AA7F-338B14CB4C5A}"
EndProject
Project("{FAE04EC0-301F-11D3-BF4B-00C04F79EFBC}") = "Ingest", "Ingest\Ingest.csproj", "{E601130F-CF8D-4FCB-BB5B-664ADEDF55B9}"
EndProject
Project("{2150E333-8FDC-42A3-9474-1A3956D46DE8}") = "Web apps", "Web apps", "{25685C02-691A-4FA3-A6B8-DE0F8347AD5C}"
EndProject
Project("{FAE04EC0-301F-11D3-BF4B-00C04F79EFBC}") = "StautApi", "StautApi\StautApi.csproj", "{B9FC3E0F-A025-4755-BD77-C8AE068C7643}"
EndProject
Project("{2150E333-8FDC-42A3-9474-1A3956D46DE8}") = ".nuget", ".nuget", "{9AD9A2B9-0912-403E-ABB0-01947A8F1AF2}"
	ProjectSection(SolutionItems) = preProject
		.nuget\NuGet.Config = .nuget\NuGet.Config
		.nuget\NuGet.exe = .nuget\NuGet.exe
		.nuget\NuGet.targets = .nuget\NuGet.targets
	EndProjectSection
EndProject
Project("{FAE04EC0-301F-11D3-BF4B-00C04F79EFBC}") = "Teller.Charts", "Teller.Charts\Teller.Charts.csproj", "{ADD9F067-DFB2-45AE-A749-D7817859B49F}"
EndProject
Project("{FAE04EC0-301F-11D3-BF4B-00C04F79EFBC}") = "PowerSTAut", "PowerSTAut\PowerSTAut.csproj", "{24F7E95F-5622-4150-8D38-53EAD03DE765}"
EndProject
Global
	GlobalSection(SolutionConfigurationPlatforms) = preSolution
		Debug|Any CPU = Debug|Any CPU
		Release|Any CPU = Release|Any CPU
	EndGlobalSection
	GlobalSection(ProjectConfigurationPlatforms) = postSolution
		{CBB3CD1F-30BA-41B8-81E0-CCC74B1FE424}.Debug|Any CPU.ActiveCfg = Debug|Any CPU
		{CBB3CD1F-30BA-41B8-81E0-CCC74B1FE424}.Debug|Any CPU.Build.0 = Debug|Any CPU
		{CBB3CD1F-30BA-41B8-81E0-CCC74B1FE424}.Release|Any CPU.ActiveCfg = Release|Any CPU
		{CBB3CD1F-30BA-41B8-81E0-CCC74B1FE424}.Release|Any CPU.Build.0 = Release|Any CPU
		{F8212176-561F-46DF-A4AD-455D5B3504E2}.Debug|Any CPU.ActiveCfg = Debug|Any CPU
		{F8212176-561F-46DF-A4AD-455D5B3504E2}.Debug|Any CPU.Build.0 = Debug|Any CPU
		{F8212176-561F-46DF-A4AD-455D5B3504E2}.Release|Any CPU.ActiveCfg = Release|Any CPU
		{F8212176-561F-46DF-A4AD-455D5B3504E2}.Release|Any CPU.Build.0 = Release|Any CPU
		{47E6E5D5-587E-4E94-BA9F-EA33944099AC}.Debug|Any CPU.ActiveCfg = Debug|Any CPU
		{47E6E5D5-587E-4E94-BA9F-EA33944099AC}.Debug|Any CPU.Build.0 = Debug|Any CPU
		{47E6E5D5-587E-4E94-BA9F-EA33944099AC}.Release|Any CPU.ActiveCfg = Release|Any CPU
		{47E6E5D5-587E-4E94-BA9F-EA33944099AC}.Release|Any CPU.Build.0 = Release|Any CPU
		{A5B174D5-3BAB-4E5B-AA7F-338B14CB4C5A}.Debug|Any CPU.ActiveCfg = Debug|Any CPU
		{A5B174D5-3BAB-4E5B-AA7F-338B14CB4C5A}.Debug|Any CPU.Build.0 = Debug|Any CPU
		{A5B174D5-3BAB-4E5B-AA7F-338B14CB4C5A}.Release|Any CPU.ActiveCfg = Release|Any CPU
		{A5B174D5-3BAB-4E5B-AA7F-338B14CB4C5A}.Release|Any CPU.Build.0 = Release|Any CPU
		{E601130F-CF8D-4FCB-BB5B-664ADEDF55B9}.Debug|Any CPU.ActiveCfg = Debug|Any CPU
		{E601130F-CF8D-4FCB-BB5B-664ADEDF55B9}.Debug|Any CPU.Build.0 = Debug|Any CPU
		{E601130F-CF8D-4FCB-BB5B-664ADEDF55B9}.Release|Any CPU.ActiveCfg = Release|Any CPU
		{E601130F-CF8D-4FCB-BB5B-664ADEDF55B9}.Release|Any CPU.Build.0 = Release|Any CPU
		{B9FC3E0F-A025-4755-BD77-C8AE068C7643}.Debug|Any CPU.ActiveCfg = Debug|Any CPU
		{B9FC3E0F-A025-4755-BD77-C8AE068C7643}.Debug|Any CPU.Build.0 = Debug|Any CPU
		{B9FC3E0F-A025-4755-BD77-C8AE068C7643}.Release|Any CPU.ActiveCfg = Release|Any CPU
		{B9FC3E0F-A025-4755-BD77-C8AE068C7643}.Release|Any CPU.Build.0 = Release|Any CPU
		{ADD9F067-DFB2-45AE-A749-D7817859B49F}.Debug|Any CPU.ActiveCfg = Debug|Any CPU
		{ADD9F067-DFB2-45AE-A749-D7817859B49F}.Debug|Any CPU.Build.0 = Debug|Any CPU
		{ADD9F067-DFB2-45AE-A749-D7817859B49F}.Release|Any CPU.ActiveCfg = Release|Any CPU
		{ADD9F067-DFB2-45AE-A749-D7817859B49F}.Release|Any CPU.Build.0 = Release|Any CPU
		{24F7E95F-5622-4150-8D38-53EAD03DE765}.Debug|Any CPU.ActiveCfg = Debug|Any CPU
		{24F7E95F-5622-4150-8D38-53EAD03DE765}.Debug|Any CPU.Build.0 = Debug|Any CPU
		{24F7E95F-5622-4150-8D38-53EAD03DE765}.Release|Any CPU.ActiveCfg = Release|Any CPU
		{24F7E95F-5622-4150-8D38-53EAD03DE765}.Release|Any CPU.Build.0 = Release|Any CPU
	EndGlobalSection
	GlobalSection(SolutionProperties) = preSolution
		HideSolutionNode = FALSE
	EndGlobalSection
	GlobalSection(NestedProjects) = preSolution
		{CBB3CD1F-30BA-41B8-81E0-CCC74B1FE424} = {6894BD97-9861-42B0-9647-3175E9AA0075}
		{F8212176-561F-46DF-A4AD-455D5B3504E2} = {4899E008-5953-4094-9C55-F3B838F8EF8C}
		{47E6E5D5-587E-4E94-BA9F-EA33944099AC} = {D6468D86-C044-4744-BF71-0CAF5625F1EF}
		{A5B174D5-3BAB-4E5B-AA7F-338B14CB4C5A} = {6894BD97-9861-42B0-9647-3175E9AA0075}
		{E601130F-CF8D-4FCB-BB5B-664ADEDF55B9} = {D6468D86-C044-4744-BF71-0CAF5625F1EF}
		{B9FC3E0F-A025-4755-BD77-C8AE068C7643} = {25685C02-691A-4FA3-A6B8-DE0F8347AD5C}
		{ADD9F067-DFB2-45AE-A749-D7817859B49F} = {6894BD97-9861-42B0-9647-3175E9AA0075}
		{24F7E95F-5622-4150-8D38-53EAD03DE765} = {6894BD97-9861-42B0-9647-3175E9AA0075}
	EndGlobalSection
EndGlobal
