
Microsoft Visual Studio Solution File, Format Version 12.00
# Visual Studio 2013
VisualStudioVersion = 12.0.31101.0
MinimumVisualStudioVersion = 10.0.40219.1
Project("{FAE04EC0-301F-11D3-BF4B-00C04F79EFBC}") = "RBKweb.Integration", "RBKweb.Integration\RBKweb.Integration.csproj", "{561AEAE8-4B1C-4A29-BD8C-BC504D26FA1D}"
EndProject
Project("{FAE04EC0-301F-11D3-BF4B-00C04F79EFBC}") = "RBKweb.Integration.Test", "RBKweb.Integration.Test\RBKweb.Integration.Test.csproj", "{0BDA8337-02F7-4DFC-AB79-2C3E7ABF9509}"
EndProject
Global
	GlobalSection(SolutionConfigurationPlatforms) = preSolution
		Debug|Any CPU = Debug|Any CPU
		Release|Any CPU = Release|Any CPU
	EndGlobalSection
	GlobalSection(ProjectConfigurationPlatforms) = postSolution
		{561AEAE8-4B1C-4A29-BD8C-BC504D26FA1D}.Debug|Any CPU.ActiveCfg = Debug|Any CPU
		{561AEAE8-4B1C-4A29-BD8C-BC504D26FA1D}.Debug|Any CPU.Build.0 = Debug|Any CPU
		{561AEAE8-4B1C-4A29-BD8C-BC504D26FA1D}.Release|Any CPU.ActiveCfg = Release|Any CPU
		{561AEAE8-4B1C-4A29-BD8C-BC504D26FA1D}.Release|Any CPU.Build.0 = Release|Any CPU
		{0BDA8337-02F7-4DFC-AB79-2C3E7ABF9509}.Debug|Any CPU.ActiveCfg = Debug|Any CPU
		{0BDA8337-02F7-4DFC-AB79-2C3E7ABF9509}.Debug|Any CPU.Build.0 = Debug|Any CPU
		{0BDA8337-02F7-4DFC-AB79-2C3E7ABF9509}.Release|Any CPU.ActiveCfg = Release|Any CPU
		{0BDA8337-02F7-4DFC-AB79-2C3E7ABF9509}.Release|Any CPU.Build.0 = Release|Any CPU
	EndGlobalSection
	GlobalSection(SolutionProperties) = preSolution
		HideSolutionNode = FALSE
	EndGlobalSection
EndGlobal
